Microsoft Visual Studio Solution File, Format Version 11.00
# Visual Studio 2010
Project("{FAE04EC0-301F-11D3-BF4B-00C04F79EFBC}") = "Assembly-CSharp", "Assembly-CSharp.csproj", "{A421C5E2-D7A8-E216-2D6E-185AA2F46086}"
EndProject
Global
	GlobalSection(SolutionConfigurationPlatforms) = preSolution
		Debug|Any CPU = Debug|Any CPU
		Release|Any CPU = Release|Any CPU
	EndGlobalSection
	GlobalSection(ProjectConfigurationPlatforms) = postSolution
		{A421C5E2-D7A8-E216-2D6E-185AA2F46086}.Debug|Any CPU.ActiveCfg = Debug|Any CPU
		{A421C5E2-D7A8-E216-2D6E-185AA2F46086}.Debug|Any CPU.Build.0 = Debug|Any CPU
		{A421C5E2-D7A8-E216-2D6E-185AA2F46086}.Release|Any CPU.ActiveCfg = Release|Any CPU
		{A421C5E2-D7A8-E216-2D6E-185AA2F46086}.Release|Any CPU.Build.0 = Release|Any CPU
	EndGlobalSection
	GlobalSection(SolutionProperties) = preSolution
		HideSolutionNode = FALSE
	EndGlobalSection
	GlobalSection(MonoDevelopProperties) = preSolution
		StartupItem = Assembly-CSharp.csproj
	EndGlobalSection
EndGlobal
